{
  "name": "hexcore-unicorn",
  "version": "1.3.1",
  "lockfileVersion": 3,
  "requires": true,
  "packages": {
    "": {
      "name": "hexcore-unicorn",
      "version": "1.3.1",
      "hasInstallScript": true,
      "license": "GPL-2.0-only",
      "engines": {
        "node": ">=18.0.0",
        "vscode": "^1.75.0"
      }
    }
  }
}
