{
  "name": "hexcore-remill",
  "version": "0.5.4",
  "lockfileVersion": 3,
  "requires": true,
  "packages": {
    "": {
      "name": "hexcore-remill",
      "version": "0.5.4",
      "hasInstallScript": true,
      "license": "MIT",
      "devDependencies": {},
      "engines": {
        "node": ">=18.0.0",
        "vscode": "^1.75.0"
      }
    }
  }
}
